
Microsoft Visual Studio Solution File, Format Version 12.00
# Visual Studio Version 17
VisualStudioVersion = 17.9.34714.143
MinimumVisualStudioVersion = 10.0.40219.1
Project("{9A19103F-16F7-4668-BE54-9A1E7A4F7556}") = "UrunSatisUI", "UrunSatis\UrunSatisUI.csproj", "{6F40E0F5-DDF9-4DC5-A6D3-D914BD1653E9}"
EndProject
Global
	GlobalSection(SolutionConfigurationPlatforms) = preSolution
		Debug|Any CPU = Debug|Any CPU
		Release|Any CPU = Release|Any CPU
	EndGlobalSection
	GlobalSection(ProjectConfigurationPlatforms) = postSolution
		{6F40E0F5-DDF9-4DC5-A6D3-D914BD1653E9}.Debug|Any CPU.ActiveCfg = Debug|Any CPU
		{6F40E0F5-DDF9-4DC5-A6D3-D914BD1653E9}.Debug|Any CPU.Build.0 = Debug|Any CPU
		{6F40E0F5-DDF9-4DC5-A6D3-D914BD1653E9}.Release|Any CPU.ActiveCfg = Release|Any CPU
		{6F40E0F5-DDF9-4DC5-A6D3-D914BD1653E9}.Release|Any CPU.Build.0 = Release|Any CPU
	EndGlobalSection
	GlobalSection(SolutionProperties) = preSolution
		HideSolutionNode = FALSE
	EndGlobalSection
	GlobalSection(ExtensibilityGlobals) = postSolution
		SolutionGuid = {7E16638B-8081-4A10-BF62-FED8DE3AB7AB}
	EndGlobalSection
EndGlobal
